
Microsoft Visual Studio Solution File, Format Version 12.00
# Visual Studio 15
VisualStudioVersion = 15.0.28307.1321
MinimumVisualStudioVersion = 10.0.40219.1
Project("{FAE04EC0-301F-11D3-BF4B-00C04F79EFBC}") = "CurrencyConverter", "CurrencyConverter\CurrencyConverter.csproj", "{1251FF26-C2AD-40A0-BA7B-89C8639F2A4F}"
EndProject
Global
	GlobalSection(SolutionConfigurationPlatforms) = preSolution
		Debug|Any CPU = Debug|Any CPU
		Release|Any CPU = Release|Any CPU
	EndGlobalSection
	GlobalSection(ProjectConfigurationPlatforms) = postSolution
		{1251FF26-C2AD-40A0-BA7B-89C8639F2A4F}.Debug|Any CPU.ActiveCfg = Debug|Any CPU
		{1251FF26-C2AD-40A0-BA7B-89C8639F2A4F}.Debug|Any CPU.Build.0 = Debug|Any CPU
		{1251FF26-C2AD-40A0-BA7B-89C8639F2A4F}.Release|Any CPU.ActiveCfg = Release|Any CPU
		{1251FF26-C2AD-40A0-BA7B-89C8639F2A4F}.Release|Any CPU.Build.0 = Release|Any CPU
	EndGlobalSection
	GlobalSection(SolutionProperties) = preSolution
		HideSolutionNode = FALSE
	EndGlobalSection
	GlobalSection(ExtensibilityGlobals) = postSolution
		SolutionGuid = {15E0005E-DFFC-4CA3-8EF4-6C27231B8ED3}
	EndGlobalSection
EndGlobal
